
Microsoft Visual Studio Solution File, Format Version 12.00
# Visual Studio Version 17
VisualStudioVersion = 17.3.32825.248
MinimumVisualStudioVersion = 10.0.40219.1
Project("{FAE04EC0-301F-11D3-BF4B-00C04F79EFBC}") = "WorkWithDelegatesAndExceptions", "WorkWithDelegatesAndExceptions.csproj", "{75F03023-044A-4447-A4AF-BA70EA0D77AE}"
EndProject
Global
	GlobalSection(SolutionConfigurationPlatforms) = preSolution
		Debug|Any CPU = Debug|Any CPU
		Release|Any CPU = Release|Any CPU
	EndGlobalSection
	GlobalSection(ProjectConfigurationPlatforms) = postSolution
		{75F03023-044A-4447-A4AF-BA70EA0D77AE}.Debug|Any CPU.ActiveCfg = Debug|Any CPU
		{75F03023-044A-4447-A4AF-BA70EA0D77AE}.Debug|Any CPU.Build.0 = Debug|Any CPU
		{75F03023-044A-4447-A4AF-BA70EA0D77AE}.Release|Any CPU.ActiveCfg = Release|Any CPU
		{75F03023-044A-4447-A4AF-BA70EA0D77AE}.Release|Any CPU.Build.0 = Release|Any CPU
	EndGlobalSection
	GlobalSection(SolutionProperties) = preSolution
		HideSolutionNode = FALSE
	EndGlobalSection
	GlobalSection(ExtensibilityGlobals) = postSolution
		SolutionGuid = {6FFCE77E-CDD5-4456-B99E-4324D19B66F2}
	EndGlobalSection
EndGlobal
